
Microsoft Visual Studio Solution File, Format Version 12.00
# Visual Studio Version 17
VisualStudioVersion = 17.0.32014.148
MinimumVisualStudioVersion = 10.0.40219.1
Project("{FAE04EC0-301F-11D3-BF4B-00C04F79EFBC}") = "New-RandomPassword", "New-RandomPassword\New-RandomPassword.csproj", "{A7DCE070-54A0-497C-BC9B-847C2793E93F}"
EndProject
Global
	GlobalSection(SolutionConfigurationPlatforms) = preSolution
		Debug|Any CPU = Debug|Any CPU
		Release|Any CPU = Release|Any CPU
	EndGlobalSection
	GlobalSection(ProjectConfigurationPlatforms) = postSolution
		{A7DCE070-54A0-497C-BC9B-847C2793E93F}.Debug|Any CPU.ActiveCfg = Debug|Any CPU
		{A7DCE070-54A0-497C-BC9B-847C2793E93F}.Debug|Any CPU.Build.0 = Debug|Any CPU
		{A7DCE070-54A0-497C-BC9B-847C2793E93F}.Release|Any CPU.ActiveCfg = Release|Any CPU
		{A7DCE070-54A0-497C-BC9B-847C2793E93F}.Release|Any CPU.Build.0 = Release|Any CPU
	EndGlobalSection
	GlobalSection(SolutionProperties) = preSolution
		HideSolutionNode = FALSE
	EndGlobalSection
	GlobalSection(ExtensibilityGlobals) = postSolution
		SolutionGuid = {7899DED4-758E-490B-85AE-477D4A82E987}
	EndGlobalSection
EndGlobal
